
Microsoft Visual Studio Solution File, Format Version 12.00
# Visual Studio Version 16
VisualStudioVersion = 16.0.29009.5
MinimumVisualStudioVersion = 10.0.40219.1
Project("{FAE04EC0-301F-11D3-BF4B-00C04F79EFBC}") = "RawSocketSample", "RawSocketSample\RawSocketSample.csproj", "{09D679C7-22A9-46FD-804C-06592349A13D}"
EndProject
Project("{FAE04EC0-301F-11D3-BF4B-00C04F79EFBC}") = "RemoteClient", "RemoteClient\RemoteClient.csproj", "{71B1D14F-F028-4E12-B77E-FCBF2CD7FCBB}"
EndProject
Project("{E53339B2-1760-4266-BCC7-CA923CBCF16C}") = "docker-compose", "docker-compose.dcproj", "{80D7C994-39C3-4197-96BC-5F60C47E42DF}"
EndProject
Global
	GlobalSection(SolutionConfigurationPlatforms) = preSolution
		Debug|Any CPU = Debug|Any CPU
		Release|Any CPU = Release|Any CPU
	EndGlobalSection
	GlobalSection(ProjectConfigurationPlatforms) = postSolution
		{09D679C7-22A9-46FD-804C-06592349A13D}.Debug|Any CPU.ActiveCfg = Debug|Any CPU
		{09D679C7-22A9-46FD-804C-06592349A13D}.Debug|Any CPU.Build.0 = Debug|Any CPU
		{09D679C7-22A9-46FD-804C-06592349A13D}.Release|Any CPU.ActiveCfg = Release|Any CPU
		{09D679C7-22A9-46FD-804C-06592349A13D}.Release|Any CPU.Build.0 = Release|Any CPU
		{71B1D14F-F028-4E12-B77E-FCBF2CD7FCBB}.Debug|Any CPU.ActiveCfg = Debug|Any CPU
		{71B1D14F-F028-4E12-B77E-FCBF2CD7FCBB}.Debug|Any CPU.Build.0 = Debug|Any CPU
		{71B1D14F-F028-4E12-B77E-FCBF2CD7FCBB}.Release|Any CPU.ActiveCfg = Release|Any CPU
		{71B1D14F-F028-4E12-B77E-FCBF2CD7FCBB}.Release|Any CPU.Build.0 = Release|Any CPU
		{80D7C994-39C3-4197-96BC-5F60C47E42DF}.Debug|Any CPU.ActiveCfg = Debug|Any CPU
		{80D7C994-39C3-4197-96BC-5F60C47E42DF}.Debug|Any CPU.Build.0 = Debug|Any CPU
		{80D7C994-39C3-4197-96BC-5F60C47E42DF}.Release|Any CPU.ActiveCfg = Release|Any CPU
		{80D7C994-39C3-4197-96BC-5F60C47E42DF}.Release|Any CPU.Build.0 = Release|Any CPU
	EndGlobalSection
	GlobalSection(SolutionProperties) = preSolution
		HideSolutionNode = FALSE
	EndGlobalSection
	GlobalSection(ExtensibilityGlobals) = postSolution
		SolutionGuid = {20DD7118-CE1C-4AF7-80B5-34D6563534E1}
	EndGlobalSection
EndGlobal
